
Microsoft Visual Studio Solution File, Format Version 12.00
# Visual Studio Version 17
VisualStudioVersion = 17.10.35013.160
MinimumVisualStudioVersion = 10.0.40219.1
Project("{9A19103F-16F7-4668-BE54-9A1E7A4F7556}") = "TD1_code", "TD1_code\TD1_code.csproj", "{94FA5944-FBCE-4553-908E-C189936E12B4}"
EndProject
Project("{FAE04EC0-301F-11D3-BF4B-00C04F79EFBC}") = "TD1_codeTests", "TD1_codeTests\TD1_codeTests.csproj", "{D8D8FE47-3D66-4EB6-AE27-B1F4E6683054}"
EndProject
Global
	GlobalSection(SolutionConfigurationPlatforms) = preSolution
		Debug|Any CPU = Debug|Any CPU
		Release|Any CPU = Release|Any CPU
	EndGlobalSection
	GlobalSection(ProjectConfigurationPlatforms) = postSolution
		{94FA5944-FBCE-4553-908E-C189936E12B4}.Debug|Any CPU.ActiveCfg = Debug|Any CPU
		{94FA5944-FBCE-4553-908E-C189936E12B4}.Debug|Any CPU.Build.0 = Debug|Any CPU
		{94FA5944-FBCE-4553-908E-C189936E12B4}.Release|Any CPU.ActiveCfg = Release|Any CPU
		{94FA5944-FBCE-4553-908E-C189936E12B4}.Release|Any CPU.Build.0 = Release|Any CPU
		{D8D8FE47-3D66-4EB6-AE27-B1F4E6683054}.Debug|Any CPU.ActiveCfg = Debug|Any CPU
		{D8D8FE47-3D66-4EB6-AE27-B1F4E6683054}.Debug|Any CPU.Build.0 = Debug|Any CPU
		{D8D8FE47-3D66-4EB6-AE27-B1F4E6683054}.Release|Any CPU.ActiveCfg = Release|Any CPU
		{D8D8FE47-3D66-4EB6-AE27-B1F4E6683054}.Release|Any CPU.Build.0 = Release|Any CPU
	EndGlobalSection
	GlobalSection(SolutionProperties) = preSolution
		HideSolutionNode = FALSE
	EndGlobalSection
	GlobalSection(ExtensibilityGlobals) = postSolution
		SolutionGuid = {6A5FF7D5-0AA0-412A-A1D6-D4323C2D539E}
	EndGlobalSection
EndGlobal
