
Microsoft Visual Studio Solution File, Format Version 12.00
# Visual Studio Version 17
VisualStudioVersion = 17.10.35013.160
MinimumVisualStudioVersion = 10.0.40219.1
Project("{9A19103F-16F7-4668-BE54-9A1E7A4F7556}") = "TD1_code", "TD1_code\TD1_code.csproj", "{94FA5944-FBCE-4553-908E-C189936E12B4}"
EndProject
Project("{9A19103F-16F7-4668-BE54-9A1E7A4F7556}") = "TD1_codeTests", "TD1_codeTests\TD1_codeTests.csproj", "{D8D8FE47-3D66-4EB6-AE27-B1F4E6683054}"
EndProject
Project("{FAE04EC0-301F-11D3-BF4B-00C04F79EFBC}") = "Client", "Client\Client.csproj", "{5B547453-833D-4394-A469-585E45010C5D}"
EndProject
Global
	GlobalSection(SolutionConfigurationPlatforms) = preSolution
		Debug|Any CPU = Debug|Any CPU
		Debug|ARM64 = Debug|ARM64
		Debug|x64 = Debug|x64
		Debug|x86 = Debug|x86
		Release|Any CPU = Release|Any CPU
		Release|ARM64 = Release|ARM64
		Release|x64 = Release|x64
		Release|x86 = Release|x86
	EndGlobalSection
	GlobalSection(ProjectConfigurationPlatforms) = postSolution
		{94FA5944-FBCE-4553-908E-C189936E12B4}.Debug|Any CPU.ActiveCfg = Debug|Any CPU
		{94FA5944-FBCE-4553-908E-C189936E12B4}.Debug|Any CPU.Build.0 = Debug|Any CPU
		{94FA5944-FBCE-4553-908E-C189936E12B4}.Debug|ARM64.ActiveCfg = Debug|Any CPU
		{94FA5944-FBCE-4553-908E-C189936E12B4}.Debug|ARM64.Build.0 = Debug|Any CPU
		{94FA5944-FBCE-4553-908E-C189936E12B4}.Debug|x64.ActiveCfg = Debug|Any CPU
		{94FA5944-FBCE-4553-908E-C189936E12B4}.Debug|x64.Build.0 = Debug|Any CPU
		{94FA5944-FBCE-4553-908E-C189936E12B4}.Debug|x86.ActiveCfg = Debug|Any CPU
		{94FA5944-FBCE-4553-908E-C189936E12B4}.Debug|x86.Build.0 = Debug|Any CPU
		{94FA5944-FBCE-4553-908E-C189936E12B4}.Release|Any CPU.ActiveCfg = Release|Any CPU
		{94FA5944-FBCE-4553-908E-C189936E12B4}.Release|Any CPU.Build.0 = Release|Any CPU
		{94FA5944-FBCE-4553-908E-C189936E12B4}.Release|ARM64.ActiveCfg = Release|Any CPU
		{94FA5944-FBCE-4553-908E-C189936E12B4}.Release|ARM64.Build.0 = Release|Any CPU
		{94FA5944-FBCE-4553-908E-C189936E12B4}.Release|x64.ActiveCfg = Release|Any CPU
		{94FA5944-FBCE-4553-908E-C189936E12B4}.Release|x64.Build.0 = Release|Any CPU
		{94FA5944-FBCE-4553-908E-C189936E12B4}.Release|x86.ActiveCfg = Release|Any CPU
		{94FA5944-FBCE-4553-908E-C189936E12B4}.Release|x86.Build.0 = Release|Any CPU
		{D8D8FE47-3D66-4EB6-AE27-B1F4E6683054}.Debug|Any CPU.ActiveCfg = Debug|Any CPU
		{D8D8FE47-3D66-4EB6-AE27-B1F4E6683054}.Debug|Any CPU.Build.0 = Debug|Any CPU
		{D8D8FE47-3D66-4EB6-AE27-B1F4E6683054}.Debug|ARM64.ActiveCfg = Debug|Any CPU
		{D8D8FE47-3D66-4EB6-AE27-B1F4E6683054}.Debug|ARM64.Build.0 = Debug|Any CPU
		{D8D8FE47-3D66-4EB6-AE27-B1F4E6683054}.Debug|x64.ActiveCfg = Debug|Any CPU
		{D8D8FE47-3D66-4EB6-AE27-B1F4E6683054}.Debug|x64.Build.0 = Debug|Any CPU
		{D8D8FE47-3D66-4EB6-AE27-B1F4E6683054}.Debug|x86.ActiveCfg = Debug|Any CPU
		{D8D8FE47-3D66-4EB6-AE27-B1F4E6683054}.Debug|x86.Build.0 = Debug|Any CPU
		{D8D8FE47-3D66-4EB6-AE27-B1F4E6683054}.Release|Any CPU.ActiveCfg = Release|Any CPU
		{D8D8FE47-3D66-4EB6-AE27-B1F4E6683054}.Release|Any CPU.Build.0 = Release|Any CPU
		{D8D8FE47-3D66-4EB6-AE27-B1F4E6683054}.Release|ARM64.ActiveCfg = Release|Any CPU
		{D8D8FE47-3D66-4EB6-AE27-B1F4E6683054}.Release|ARM64.Build.0 = Release|Any CPU
		{D8D8FE47-3D66-4EB6-AE27-B1F4E6683054}.Release|x64.ActiveCfg = Release|Any CPU
		{D8D8FE47-3D66-4EB6-AE27-B1F4E6683054}.Release|x64.Build.0 = Release|Any CPU
		{D8D8FE47-3D66-4EB6-AE27-B1F4E6683054}.Release|x86.ActiveCfg = Release|Any CPU
		{D8D8FE47-3D66-4EB6-AE27-B1F4E6683054}.Release|x86.Build.0 = Release|Any CPU
		{5B547453-833D-4394-A469-585E45010C5D}.Debug|Any CPU.ActiveCfg = Debug|x64
		{5B547453-833D-4394-A469-585E45010C5D}.Debug|Any CPU.Build.0 = Debug|x64
		{5B547453-833D-4394-A469-585E45010C5D}.Debug|Any CPU.Deploy.0 = Debug|x64
		{5B547453-833D-4394-A469-585E45010C5D}.Debug|ARM64.ActiveCfg = Debug|ARM64
		{5B547453-833D-4394-A469-585E45010C5D}.Debug|ARM64.Build.0 = Debug|ARM64
		{5B547453-833D-4394-A469-585E45010C5D}.Debug|ARM64.Deploy.0 = Debug|ARM64
		{5B547453-833D-4394-A469-585E45010C5D}.Debug|x64.ActiveCfg = Debug|x64
		{5B547453-833D-4394-A469-585E45010C5D}.Debug|x64.Build.0 = Debug|x64
		{5B547453-833D-4394-A469-585E45010C5D}.Debug|x64.Deploy.0 = Debug|x64
		{5B547453-833D-4394-A469-585E45010C5D}.Debug|x86.ActiveCfg = Debug|x86
		{5B547453-833D-4394-A469-585E45010C5D}.Debug|x86.Build.0 = Debug|x86
		{5B547453-833D-4394-A469-585E45010C5D}.Debug|x86.Deploy.0 = Debug|x86
		{5B547453-833D-4394-A469-585E45010C5D}.Release|Any CPU.ActiveCfg = Release|x64
		{5B547453-833D-4394-A469-585E45010C5D}.Release|Any CPU.Build.0 = Release|x64
		{5B547453-833D-4394-A469-585E45010C5D}.Release|Any CPU.Deploy.0 = Release|x64
		{5B547453-833D-4394-A469-585E45010C5D}.Release|ARM64.ActiveCfg = Release|ARM64
		{5B547453-833D-4394-A469-585E45010C5D}.Release|ARM64.Build.0 = Release|ARM64
		{5B547453-833D-4394-A469-585E45010C5D}.Release|ARM64.Deploy.0 = Release|ARM64
		{5B547453-833D-4394-A469-585E45010C5D}.Release|x64.ActiveCfg = Release|x64
		{5B547453-833D-4394-A469-585E45010C5D}.Release|x64.Build.0 = Release|x64
		{5B547453-833D-4394-A469-585E45010C5D}.Release|x64.Deploy.0 = Release|x64
		{5B547453-833D-4394-A469-585E45010C5D}.Release|x86.ActiveCfg = Release|x86
		{5B547453-833D-4394-A469-585E45010C5D}.Release|x86.Build.0 = Release|x86
		{5B547453-833D-4394-A469-585E45010C5D}.Release|x86.Deploy.0 = Release|x86
	EndGlobalSection
	GlobalSection(SolutionProperties) = preSolution
		HideSolutionNode = FALSE
	EndGlobalSection
	GlobalSection(ExtensibilityGlobals) = postSolution
		SolutionGuid = {6A5FF7D5-0AA0-412A-A1D6-D4323C2D539E}
	EndGlobalSection
EndGlobal
